
Microsoft Visual Studio Solution File, Format Version 12.00
# Visual Studio Version 17
VisualStudioVersion = 17.6.33801.468
MinimumVisualStudioVersion = 10.0.40219.1
Project("{8BC9CEB8-8B4A-11D0-8D11-00A0C91BC942}") = "BoxedInMotion", "BoxedInMotion\BoxedInMotion.vcxproj", "{15F71AB1-4EB8-45A6-AA4C-E890C8AB7172}"
EndProject
Project("{8BC9CEB8-8B4A-11D0-8D11-00A0C91BC942}") = "Scene_06_10_2023_13_10", "Scene_06_10_2023_13_10\Scene_06_10_2023_13_10.vcxproj", "{BABB05E3-C8E6-4D57-A30A-1D740452E49F}"
EndProject
Project("{8BC9CEB8-8B4A-11D0-8D11-00A0C91BC942}") = "Scene_07_10_2023_14_00", "Scene_07_10_2023_14_00\Scene_07_10_2023_14_00.vcxproj", "{8E28195D-49D3-4B03-82D5-D75436B61257}"
EndProject
Project("{8BC9CEB8-8B4A-11D0-8D11-00A0C91BC942}") = "Scene_10_10_2023_14_17", "Scene_10_10_2023_14_17\Scene_10_10_2023_14_17.vcxproj", "{CEA769DE-9BBA-473E-BD74-72F76434E5DA}"
EndProject
Project("{8BC9CEB8-8B4A-11D0-8D11-00A0C91BC942}") = "Scene_15_10_2023_14_34", "Scene_15_10_2023_14_34\Scene_15_10_2023_14_34.vcxproj", "{947097EB-0394-4783-A3A4-560BD0157214}"
EndProject
Project("{8BC9CEB8-8B4A-11D0-8D11-00A0C91BC942}") = "Scene_16_10_2023_12_49", "Scene_16_10_2023_12_49\Scene_16_10_2023_12_49.vcxproj", "{0CACA6D9-852A-4C57-A9AA-7169253E2984}"
EndProject
Project("{8BC9CEB8-8B4A-11D0-8D11-00A0C91BC942}") = "Scene_17_10_2023_11_39", "Scene_17_10_2023_11_39\Scene_17_10_2023_11_39.vcxproj", "{72436985-F58D-4B90-BBB4-A7CFED7D1914}"
EndProject
Project("{8BC9CEB8-8B4A-11D0-8D11-00A0C91BC942}") = "Scene_20_10_2023_15_04", "Scene_20_10_2023_15_04\Scene_20_10_2023_15_04.vcxproj", "{12B7E2CE-6D62-4EA2-AD5E-024F9F379C12}"
EndProject
Project("{8BC9CEB8-8B4A-11D0-8D11-00A0C91BC942}") = "Scene_25_10_2023_14_42", "Scene_25_10_2023_14_42\Scene_25_10_2023_14_42.vcxproj", "{EEAA0F08-7DB1-4882-ADF1-7DDFD85BBECD}"
EndProject
Project("{8BC9CEB8-8B4A-11D0-8D11-00A0C91BC942}") = "Scene_29_10_2023_00_09", "Scene_29_10_2023_00_09\Scene_29_10_2023_00_09.vcxproj", "{4E6AAB7C-753C-49A9-A021-2D4697A8EE20}"
EndProject
Project("{2150E333-8FDC-42A3-9474-1A3956D46DE8}") = "Solution Items", "Solution Items", "{0CA540D7-328A-427F-BF97-5F79E88A1FBB}"
	ProjectSection(SolutionItems) = preProject
		README.md = README.md
	EndProjectSection
EndProject
Project("{8BC9CEB8-8B4A-11D0-8D11-00A0C91BC942}") = "Scene_06_11_2023_10_59", "Scene_06_11_2023_10_59\Scene_06_11_2023_10_59.vcxproj", "{F54FC65F-4413-45F3-B820-406A415A24C3}"
EndProject
Project("{8BC9CEB8-8B4A-11D0-8D11-00A0C91BC942}") = "Scene_07_11_2023_11_09", "Scene_07_11_2023_11_09\Scene_07_11_2023_11_09.vcxproj", "{5948993B-0C7B-4DD4-8F82-D9E570C326CD}"
EndProject
Global
	GlobalSection(SolutionConfigurationPlatforms) = preSolution
		Debug|x64 = Debug|x64
		Debug|x86 = Debug|x86
		Release|x64 = Release|x64
		Release|x86 = Release|x86
	EndGlobalSection
	GlobalSection(ProjectConfigurationPlatforms) = postSolution
		{15F71AB1-4EB8-45A6-AA4C-E890C8AB7172}.Debug|x64.ActiveCfg = Debug|x64
		{15F71AB1-4EB8-45A6-AA4C-E890C8AB7172}.Debug|x64.Build.0 = Debug|x64
		{15F71AB1-4EB8-45A6-AA4C-E890C8AB7172}.Debug|x86.ActiveCfg = Debug|Win32
		{15F71AB1-4EB8-45A6-AA4C-E890C8AB7172}.Debug|x86.Build.0 = Debug|Win32
		{15F71AB1-4EB8-45A6-AA4C-E890C8AB7172}.Release|x64.ActiveCfg = Release|x64
		{15F71AB1-4EB8-45A6-AA4C-E890C8AB7172}.Release|x64.Build.0 = Release|x64
		{15F71AB1-4EB8-45A6-AA4C-E890C8AB7172}.Release|x86.ActiveCfg = Release|Win32
		{15F71AB1-4EB8-45A6-AA4C-E890C8AB7172}.Release|x86.Build.0 = Release|Win32
		{BABB05E3-C8E6-4D57-A30A-1D740452E49F}.Debug|x64.ActiveCfg = Debug|x64
		{BABB05E3-C8E6-4D57-A30A-1D740452E49F}.Debug|x64.Build.0 = Debug|x64
		{BABB05E3-C8E6-4D57-A30A-1D740452E49F}.Debug|x86.ActiveCfg = Debug|Win32
		{BABB05E3-C8E6-4D57-A30A-1D740452E49F}.Debug|x86.Build.0 = Debug|Win32
		{BABB05E3-C8E6-4D57-A30A-1D740452E49F}.Release|x64.ActiveCfg = Release|x64
		{BABB05E3-C8E6-4D57-A30A-1D740452E49F}.Release|x64.Build.0 = Release|x64
		{BABB05E3-C8E6-4D57-A30A-1D740452E49F}.Release|x86.ActiveCfg = Release|Win32
		{BABB05E3-C8E6-4D57-A30A-1D740452E49F}.Release|x86.Build.0 = Release|Win32
		{8E28195D-49D3-4B03-82D5-D75436B61257}.Debug|x64.ActiveCfg = Debug|x64
		{8E28195D-49D3-4B03-82D5-D75436B61257}.Debug|x64.Build.0 = Debug|x64
		{8E28195D-49D3-4B03-82D5-D75436B61257}.Debug|x86.ActiveCfg = Debug|Win32
		{8E28195D-49D3-4B03-82D5-D75436B61257}.Debug|x86.Build.0 = Debug|Win32
		{8E28195D-49D3-4B03-82D5-D75436B61257}.Release|x64.ActiveCfg = Release|x64
		{8E28195D-49D3-4B03-82D5-D75436B61257}.Release|x64.Build.0 = Release|x64
		{8E28195D-49D3-4B03-82D5-D75436B61257}.Release|x86.ActiveCfg = Release|Win32
		{8E28195D-49D3-4B03-82D5-D75436B61257}.Release|x86.Build.0 = Release|Win32
		{CEA769DE-9BBA-473E-BD74-72F76434E5DA}.Debug|x64.ActiveCfg = Debug|x64
		{CEA769DE-9BBA-473E-BD74-72F76434E5DA}.Debug|x64.Build.0 = Debug|x64
		{CEA769DE-9BBA-473E-BD74-72F76434E5DA}.Debug|x86.ActiveCfg = Debug|Win32
		{CEA769DE-9BBA-473E-BD74-72F76434E5DA}.Debug|x86.Build.0 = Debug|Win32
		{CEA769DE-9BBA-473E-BD74-72F76434E5DA}.Release|x64.ActiveCfg = Release|x64
		{CEA769DE-9BBA-473E-BD74-72F76434E5DA}.Release|x64.Build.0 = Release|x64
		{CEA769DE-9BBA-473E-BD74-72F76434E5DA}.Release|x86.ActiveCfg = Release|Win32
		{CEA769DE-9BBA-473E-BD74-72F76434E5DA}.Release|x86.Build.0 = Release|Win32
		{947097EB-0394-4783-A3A4-560BD0157214}.Debug|x64.ActiveCfg = Debug|x64
		{947097EB-0394-4783-A3A4-560BD0157214}.Debug|x64.Build.0 = Debug|x64
		{947097EB-0394-4783-A3A4-560BD0157214}.Debug|x86.ActiveCfg = Debug|Win32
		{947097EB-0394-4783-A3A4-560BD0157214}.Debug|x86.Build.0 = Debug|Win32
		{947097EB-0394-4783-A3A4-560BD0157214}.Release|x64.ActiveCfg = Release|x64
		{947097EB-0394-4783-A3A4-560BD0157214}.Release|x64.Build.0 = Release|x64
		{947097EB-0394-4783-A3A4-560BD0157214}.Release|x86.ActiveCfg = Release|Win32
		{947097EB-0394-4783-A3A4-560BD0157214}.Release|x86.Build.0 = Release|Win32
		{0CACA6D9-852A-4C57-A9AA-7169253E2984}.Debug|x64.ActiveCfg = Debug|x64
		{0CACA6D9-852A-4C57-A9AA-7169253E2984}.Debug|x64.Build.0 = Debug|x64
		{0CACA6D9-852A-4C57-A9AA-7169253E2984}.Debug|x86.ActiveCfg = Debug|Win32
		{0CACA6D9-852A-4C57-A9AA-7169253E2984}.Debug|x86.Build.0 = Debug|Win32
		{0CACA6D9-852A-4C57-A9AA-7169253E2984}.Release|x64.ActiveCfg = Release|x64
		{0CACA6D9-852A-4C57-A9AA-7169253E2984}.Release|x64.Build.0 = Release|x64
		{0CACA6D9-852A-4C57-A9AA-7169253E2984}.Release|x86.ActiveCfg = Release|Win32
		{0CACA6D9-852A-4C57-A9AA-7169253E2984}.Release|x86.Build.0 = Release|Win32
		{72436985-F58D-4B90-BBB4-A7CFED7D1914}.Debug|x64.ActiveCfg = Debug|x64
		{72436985-F58D-4B90-BBB4-A7CFED7D1914}.Debug|x64.Build.0 = Debug|x64
		{72436985-F58D-4B90-BBB4-A7CFED7D1914}.Debug|x86.ActiveCfg = Debug|Win32
		{72436985-F58D-4B90-BBB4-A7CFED7D1914}.Debug|x86.Build.0 = Debug|Win32
		{72436985-F58D-4B90-BBB4-A7CFED7D1914}.Release|x64.ActiveCfg = Release|x64
		{72436985-F58D-4B90-BBB4-A7CFED7D1914}.Release|x64.Build.0 = Release|x64
		{72436985-F58D-4B90-BBB4-A7CFED7D1914}.Release|x86.ActiveCfg = Release|Win32
		{72436985-F58D-4B90-BBB4-A7CFED7D1914}.Release|x86.Build.0 = Release|Win32
		{12B7E2CE-6D62-4EA2-AD5E-024F9F379C12}.Debug|x64.ActiveCfg = Debug|x64
		{12B7E2CE-6D62-4EA2-AD5E-024F9F379C12}.Debug|x64.Build.0 = Debug|x64
		{12B7E2CE-6D62-4EA2-AD5E-024F9F379C12}.Debug|x86.ActiveCfg = Debug|Win32
		{12B7E2CE-6D62-4EA2-AD5E-024F9F379C12}.Debug|x86.Build.0 = Debug|Win32
		{12B7E2CE-6D62-4EA2-AD5E-024F9F379C12}.Release|x64.ActiveCfg = Release|x64
		{12B7E2CE-6D62-4EA2-AD5E-024F9F379C12}.Release|x64.Build.0 = Release|x64
		{12B7E2CE-6D62-4EA2-AD5E-024F9F379C12}.Release|x86.ActiveCfg = Release|Win32
		{12B7E2CE-6D62-4EA2-AD5E-024F9F379C12}.Release|x86.Build.0 = Release|Win32
		{EEAA0F08-7DB1-4882-ADF1-7DDFD85BBECD}.Debug|x64.ActiveCfg = Debug|x64
		{EEAA0F08-7DB1-4882-ADF1-7DDFD85BBECD}.Debug|x64.Build.0 = Debug|x64
		{EEAA0F08-7DB1-4882-ADF1-7DDFD85BBECD}.Debug|x86.ActiveCfg = Debug|Win32
		{EEAA0F08-7DB1-4882-ADF1-7DDFD85BBECD}.Debug|x86.Build.0 = Debug|Win32
		{EEAA0F08-7DB1-4882-ADF1-7DDFD85BBECD}.Release|x64.ActiveCfg = Release|x64
		{EEAA0F08-7DB1-4882-ADF1-7DDFD85BBECD}.Release|x64.Build.0 = Release|x64
		{EEAA0F08-7DB1-4882-ADF1-7DDFD85BBECD}.Release|x86.ActiveCfg = Release|Win32
		{EEAA0F08-7DB1-4882-ADF1-7DDFD85BBECD}.Release|x86.Build.0 = Release|Win32
		{4E6AAB7C-753C-49A9-A021-2D4697A8EE20}.Debug|x64.ActiveCfg = Debug|x64
		{4E6AAB7C-753C-49A9-A021-2D4697A8EE20}.Debug|x64.Build.0 = Debug|x64
		{4E6AAB7C-753C-49A9-A021-2D4697A8EE20}.Debug|x86.ActiveCfg = Debug|Win32
		{4E6AAB7C-753C-49A9-A021-2D4697A8EE20}.Debug|x86.Build.0 = Debug|Win32
		{4E6AAB7C-753C-49A9-A021-2D4697A8EE20}.Release|x64.ActiveCfg = Release|x64
		{4E6AAB7C-753C-49A9-A021-2D4697A8EE20}.Release|x64.Build.0 = Release|x64
		{4E6AAB7C-753C-49A9-A021-2D4697A8EE20}.Release|x86.ActiveCfg = Release|Win32
		{4E6AAB7C-753C-49A9-A021-2D4697A8EE20}.Release|x86.Build.0 = Release|Win32
		{F54FC65F-4413-45F3-B820-406A415A24C3}.Debug|x64.ActiveCfg = Debug|x64
		{F54FC65F-4413-45F3-B820-406A415A24C3}.Debug|x64.Build.0 = Debug|x64
		{F54FC65F-4413-45F3-B820-406A415A24C3}.Debug|x86.ActiveCfg = Debug|Win32
		{F54FC65F-4413-45F3-B820-406A415A24C3}.Debug|x86.Build.0 = Debug|Win32
		{F54FC65F-4413-45F3-B820-406A415A24C3}.Release|x64.ActiveCfg = Release|x64
		{F54FC65F-4413-45F3-B820-406A415A24C3}.Release|x64.Build.0 = Release|x64
		{F54FC65F-4413-45F3-B820-406A415A24C3}.Release|x86.ActiveCfg = Release|Win32
		{F54FC65F-4413-45F3-B820-406A415A24C3}.Release|x86.Build.0 = Release|Win32
		{5948993B-0C7B-4DD4-8F82-D9E570C326CD}.Debug|x64.ActiveCfg = Debug|x64
		{5948993B-0C7B-4DD4-8F82-D9E570C326CD}.Debug|x64.Build.0 = Debug|x64
		{5948993B-0C7B-4DD4-8F82-D9E570C326CD}.Debug|x86.ActiveCfg = Debug|Win32
		{5948993B-0C7B-4DD4-8F82-D9E570C326CD}.Debug|x86.Build.0 = Debug|Win32
		{5948993B-0C7B-4DD4-8F82-D9E570C326CD}.Release|x64.ActiveCfg = Release|x64
		{5948993B-0C7B-4DD4-8F82-D9E570C326CD}.Release|x64.Build.0 = Release|x64
		{5948993B-0C7B-4DD4-8F82-D9E570C326CD}.Release|x86.ActiveCfg = Release|Win32
		{5948993B-0C7B-4DD4-8F82-D9E570C326CD}.Release|x86.Build.0 = Release|Win32
	EndGlobalSection
	GlobalSection(SolutionProperties) = preSolution
		HideSolutionNode = FALSE
	EndGlobalSection
	GlobalSection(ExtensibilityGlobals) = postSolution
		SolutionGuid = {DA2CC74C-5B07-4C2B-9112-902BE3883364}
	EndGlobalSection
EndGlobal
